
Microsoft Visual Studio Solution File, Format Version 12.00
# Visual Studio Version 17
VisualStudioVersion = 17.12.35506.116 d17.12
MinimumVisualStudioVersion = 10.0.40219.1
Project("{FAE04EC0-301F-11D3-BF4B-00C04F79EFBC}") = "prj_web", "prj_web\prj_web.csproj", "{DFDD56C9-41DD-429A-A8E2-DA69AB1FFDCA}"
EndProject
Global
	GlobalSection(SolutionConfigurationPlatforms) = preSolution
		Debug|Any CPU = Debug|Any CPU
		Release|Any CPU = Release|Any CPU
	EndGlobalSection
	GlobalSection(ProjectConfigurationPlatforms) = postSolution
		{DFDD56C9-41DD-429A-A8E2-DA69AB1FFDCA}.Debug|Any CPU.ActiveCfg = Debug|Any CPU
		{DFDD56C9-41DD-429A-A8E2-DA69AB1FFDCA}.Debug|Any CPU.Build.0 = Debug|Any CPU
		{DFDD56C9-41DD-429A-A8E2-DA69AB1FFDCA}.Release|Any CPU.ActiveCfg = Release|Any CPU
		{DFDD56C9-41DD-429A-A8E2-DA69AB1FFDCA}.Release|Any CPU.Build.0 = Release|Any CPU
	EndGlobalSection
	GlobalSection(SolutionProperties) = preSolution
		HideSolutionNode = FALSE
	EndGlobalSection
EndGlobal
